{
  "name": "@hugov/math-code",
  "version": "0.4.0",
  "lockfileVersion": 1,
  "requires": true,
  "dependencies": {
    "@types/node": {
      "version": "11.11.0",
      "resolved": "https://registry.npmjs.org/@types/node/-/node-11.11.0.tgz",
      "integrity": "sha512-D5Rt+HXgEywr3RQJcGlZUCTCx1qVbCZpVk3/tOOA6spLNZdGm8BU+zRgdRYDoF1pO3RuXLxADzMrF903JlQXqg==",
      "dev": true
    },
    "assert-op": {
      "version": "0.4.0",
      "resolved": "https://registry.npmjs.org/assert-op/-/assert-op-0.4.0.tgz",
      "integrity": "sha512-yAnWwB07VWyXxlVSRIwM+CjWXmvRp03jH96zx8u29trLNNklrlyDhaWLpZ64/U1iCFF7SE4jsFBTwnLtok6Slw==",
      "dev": true
    },
    "cotest": {
      "version": "4.0.3",
      "resolved": "https://registry.npmjs.org/cotest/-/cotest-4.0.3.tgz",
      "integrity": "sha512-pBtMKXPcdPaLOSt0zwL704ewSIo1gsW4jkboj4PosTq7cl3iUt5Cb8sbYLWJ+bcbAL0r8SyGslQ16nWQ5xkSiw==",
      "dev": true,
      "requires": {
        "assert-op": "^0.4.0"
      }
    },
    "grosso-modo": {
      "version": "2.1.0",
      "resolved": "https://registry.npmjs.org/grosso-modo/-/grosso-modo-2.1.0.tgz",
      "integrity": "sha512-KOsGLweZKUrkPkxX8cCIaKCZrttqicnoHyi9xN29wLSR3IfGMRCc9Jvb/I8AjQ63VBDU2E2aTDRc/NNvGKHzgA==",
      "dev": true,
      "requires": {
        "norm-dist": "^2.0.1",
        "random-z": "^2.0.0",
        "walk-z": "^2.1.1"
      }
    },
    "lazy-stats": {
      "version": "2.0.1",
      "resolved": "https://registry.npmjs.org/lazy-stats/-/lazy-stats-2.0.1.tgz",
      "integrity": "sha512-OiwcnWbRqd9thS4BGk07G/oLrE5KdudgivRpVdCr2qtnzEvYC8KeTZqblHluTsi6Ep2EEzTj74dIZe5fFyyPpw==",
      "dev": true
    },
    "norm-dist": {
      "version": "2.0.1",
      "resolved": "https://registry.npmjs.org/norm-dist/-/norm-dist-2.0.1.tgz",
      "integrity": "sha512-7EQCgU3E8kvbb97QsFlj7fWLnPtHB10xCisJ+SbUrKGZUWCUugTi1q8YOC8U/ln1xiLbNiEwHPKYkT6A+Ja/jw==",
      "dev": true
    },
    "pico-parse": {
      "version": "0.0.2",
      "resolved": "https://registry.npmjs.org/pico-parse/-/pico-parse-0.0.2.tgz",
      "integrity": "sha512-Ta9Sq/z93w0hfgN8xCigqtz9mJ7H0ME9+1WJa3FburlecAWI+0ubjXnbz/fTBMhCQiVMWmOioCDfeeNRJsNaug=="
    },
    "random-z": {
      "version": "2.0.0",
      "resolved": "https://registry.npmjs.org/random-z/-/random-z-2.0.0.tgz",
      "integrity": "sha512-DJUs5ucRSYa5kDbiKCkDrTBSUEfL100stJEBtrIRRaMPHMGFuyVomXmqrg0o2/Jm8ME8PXs45MveAHp92wiWcw==",
      "dev": true
    },
    "walk-z": {
      "version": "2.1.1",
      "resolved": "https://registry.npmjs.org/walk-z/-/walk-z-2.1.1.tgz",
      "integrity": "sha512-fb9x5N49Es55+tBcp7rEAMZWk/ut85FC2w4hPL0s5i35B/En8gdSwN0IYs0BUmn9e694/D+a5xGueNFefN5WXA==",
      "dev": true,
      "requires": {
        "random-z": "^2.0.0"
      }
    }
  }
}
